{
  "version": 4,
  "terraform_version": "1.9.3",
  "serial": 1,
  "lineage": "7e6863b8-94b6-d0d0-67af-ddba8872295d",
  "outputs": {},
  "resources": [
    {
      "mode": "managed",
      "type": "spotify_playlist",
      "name": "FEiN",
      "provider": "provider[\"registry.terraform.io/conradludgate/spotify\"]",
      "instances": [
        {
          "schema_version": 0,
          "attributes": {
            "description": null,
            "id": "255qkaEwLboJCs3mr2nXm3",
            "name": "FE!N Fever",
            "public": true,
            "snapshot_id": "AAAAAoqZr4f+uQIJiccx3m9y4sViiuBC",
            "tracks": [
              "42VsgItocQwOQC3XWZ8JNA"
            ]
          },
          "sensitive_attributes": [],
          "private": "bnVsbA=="
        }
      ]
    }
  ],
  "check_results": null
}
